
Microsoft Visual Studio Solution File, Format Version 12.00
# Visual Studio Version 17
VisualStudioVersion = 17.6.33829.357
MinimumVisualStudioVersion = 10.0.40219.1
Project("{FAE04EC0-301F-11D3-BF4B-00C04F79EFBC}") = "VisitorPatternLearning", "VisitorPatternLearning\VisitorPatternLearning.csproj", "{0C164E29-DDB8-4E28-9271-EE6758C46E10}"
EndProject
Global
	GlobalSection(SolutionConfigurationPlatforms) = preSolution
		Debug|Any CPU = Debug|Any CPU
		Release|Any CPU = Release|Any CPU
	EndGlobalSection
	GlobalSection(ProjectConfigurationPlatforms) = postSolution
		{0C164E29-DDB8-4E28-9271-EE6758C46E10}.Debug|Any CPU.ActiveCfg = Debug|Any CPU
		{0C164E29-DDB8-4E28-9271-EE6758C46E10}.Debug|Any CPU.Build.0 = Debug|Any CPU
		{0C164E29-DDB8-4E28-9271-EE6758C46E10}.Release|Any CPU.ActiveCfg = Release|Any CPU
		{0C164E29-DDB8-4E28-9271-EE6758C46E10}.Release|Any CPU.Build.0 = Release|Any CPU
	EndGlobalSection
	GlobalSection(SolutionProperties) = preSolution
		HideSolutionNode = FALSE
	EndGlobalSection
	GlobalSection(ExtensibilityGlobals) = postSolution
		SolutionGuid = {04A07904-17F8-47C5-9D12-C2B2B0434B8C}
	EndGlobalSection
EndGlobal
